{
  "nodes": {
    "flake-utils": {
      "locked": {
        "lastModified": 1649676176,
        "narHash": "sha256-OWKJratjt2RW151VUlJPRALb7OU2S5s+f0vLj4o1bHM=",
        "owner": "numtide",
        "repo": "flake-utils",
        "rev": "a4b154ebbdc88c8498a5c7b01589addc9e9cb678",
        "type": "github"
      },
      "original": {
        "owner": "numtide",
        "repo": "flake-utils",
        "type": "github"
      }
    },
    "flake-utils_2": {
      "locked": {
        "lastModified": 1649676176,
        "narHash": "sha256-OWKJratjt2RW151VUlJPRALb7OU2S5s+f0vLj4o1bHM=",
        "owner": "numtide",
        "repo": "flake-utils",
        "rev": "a4b154ebbdc88c8498a5c7b01589addc9e9cb678",
        "type": "github"
      },
      "original": {
        "owner": "numtide",
        "repo": "flake-utils",
        "type": "github"
      }
    },
    "nix2vim": {
      "inputs": {
        "flake-utils": "flake-utils_2",
        "nixpkgs": [
          "nixpkgs"
        ]
      },
      "locked": {
        "lastModified": 1651599387,
        "narHash": "sha256-JCAX+/aVxMrclgNRQONkeVE4qCxNKmXaZGUXiHFkNjc=",
        "owner": "gytis-ivaskevicius",
        "repo": "nix2vim",
        "rev": "8f2872d2defb2d861436e8554d8d2b961d9dc7fd",
        "type": "github"
      },
      "original": {
        "owner": "gytis-ivaskevicius",
        "repo": "nix2vim",
        "type": "github"
      }
    },
    "nixpkgs": {
      "locked": {
        "lastModified": 1651855024,
        "narHash": "sha256-cSbWfnaUJpJeJsALqg39WR2vdFzjPdG2FY1hWC3ddNM=",
        "owner": "NixOS",
        "repo": "nixpkgs",
        "rev": "7278295c36c960bad3fdfba0e275fb2acbe7466d",
        "type": "github"
      },
      "original": {
        "owner": "NixOS",
        "repo": "nixpkgs",
        "type": "github"
      }
    },
    "root": {
      "inputs": {
        "flake-utils": "flake-utils",
        "nix2vim": "nix2vim",
        "nixpkgs": "nixpkgs"
      }
    }
  },
  "root": "root",
  "version": 7
}
