{
  "nodes": {
    "nix2vim": {
      "locked": {
        "lastModified": 1669567499,
        "narHash": "sha256-rEkOj7F2w/DZcaslLr83ATR/eimwVL0Mhzt/5CTo2eQ=",
        "owner": "gytis-ivaskevicius",
        "repo": "nix2vim",
        "rev": "76ff23d1a8e9d2748cad82abb36da94ce7c1fa7d",
        "type": "github"
      },
      "original": {
        "owner": "gytis-ivaskevicius",
        "ref": "blueprints",
        "repo": "nix2vim",
        "type": "github"
      }
    },
    "nixpkgs": {
      "locked": {
        "lastModified": 1670955002,
        "narHash": "sha256-x2c/du9ba+S1EhNzjntOPNcnHsS3ym1JIEXsk6VtxM0=",
        "owner": "NixOS",
        "repo": "nixpkgs",
        "rev": "28c1f459e8b1b06420bfaa2f59c4638b40750b5c",
        "type": "github"
      },
      "original": {
        "owner": "NixOS",
        "repo": "nixpkgs",
        "type": "github"
      }
    },
    "root": {
      "inputs": {
        "nix2vim": "nix2vim",
        "nixpkgs": "nixpkgs"
      }
    }
  },
  "root": "root",
  "version": 7
}
