{
  "nodes": {
    "nixpkgs": {
      "locked": {
        "lastModified": 1652527233,
        "narHash": "sha256-by6fny+Rb0BPbmY9xXaIw3aLElyN2FHFjafU3RDitFU=",
        "owner": "gytis-ivaskevicius",
        "repo": "nixpkgs",
        "rev": "3adfb70b1a9d32bc82178fe01f0f23a675b3a044",
        "type": "github"
      },
      "original": {
        "owner": "gytis-ivaskevicius",
        "repo": "nixpkgs",
        "type": "github"
      }
    },
    "root": {
      "inputs": {
        "nixpkgs": "nixpkgs"
      }
    }
  },
  "root": "root",
  "version": 7
}
