{
  "nodes": {
    "flake-utils": {
      "locked": {
        "lastModified": 1667395993,
        "narHash": "sha256-nuEHfE/LcWyuSWnS8t12N1wc105Qtau+/OdUAjtQ0rA=",
        "owner": "numtide",
        "repo": "flake-utils",
        "rev": "5aed5285a952e0b949eb3ba02c12fa4fcfef535f",
        "type": "github"
      },
      "original": {
        "owner": "numtide",
        "repo": "flake-utils",
        "type": "github"
      }
    },
    "nixpkgs": {
      "locked": {
        "lastModified": 1669723031,
        "narHash": "sha256-PNhj0rBvlLXH/0mI+2ZSc9t65tqb+h2oWYD6mW88B+s=",
        "owner": "NixOS",
        "repo": "nixpkgs",
        "rev": "7e5e6625e2c9c35942e0f0a97fee18cd53991187",
        "type": "github"
      },
      "original": {
        "owner": "NixOS",
        "repo": "nixpkgs",
        "type": "github"
      }
    },
    "root": {
      "inputs": {
        "flake-utils": "flake-utils",
        "nixpkgs": "nixpkgs",
        "root": "root_2"
      }
    },
    "root_2": {
      "locked": {
        "lastModified": 0,
        "narHash": "sha256-b8ZuOljlX9YAc4glDUl7W31D0+2Q8Tdn8E0RWe6bpT8=",
        "path": "../",
        "type": "path"
      },
      "original": {
        "path": "../",
        "type": "path"
      }
    }
  },
  "root": "root",
  "version": 7
}
